
Microsoft Visual Studio Solution File, Format Version 11.00
# Visual Studio 2010
Project("{FAE04EC0-301F-11D3-BF4B-00C04F79EFBC}") = "Assembly-CSharp", "Assembly-CSharp.csproj", "{edf89951-07b0-27a9-2de3-842f580800b7}"
EndProject
Project("{FAE04EC0-301F-11D3-BF4B-00C04F79EFBC}") = "Assembly-CSharp-firstpass", "Assembly-CSharp-firstpass.csproj", "{84ab3e6c-cb58-1c1b-ee2b-a0cdc7939bf1}"
EndProject
Project("{FAE04EC0-301F-11D3-BF4B-00C04F79EFBC}") = "Assembly-CSharp-Editor-firstpass", "Assembly-CSharp-Editor-firstpass.csproj", "{399a8904-ae05-fc6e-6de2-ec0ea13c3491}"
EndProject
Global
	GlobalSection(SolutionConfigurationPlatforms) = preSolution
		Debug|Any CPU = Debug|Any CPU
	EndGlobalSection
	GlobalSection(ProjectConfigurationPlatforms) = postSolution
		{edf89951-07b0-27a9-2de3-842f580800b7}.Debug|Any CPU.ActiveCfg = Debug|Any CPU
		{edf89951-07b0-27a9-2de3-842f580800b7}.Debug|Any CPU.Build.0 = Debug|Any CPU
		{84ab3e6c-cb58-1c1b-ee2b-a0cdc7939bf1}.Debug|Any CPU.ActiveCfg = Debug|Any CPU
		{84ab3e6c-cb58-1c1b-ee2b-a0cdc7939bf1}.Debug|Any CPU.Build.0 = Debug|Any CPU
		{399a8904-ae05-fc6e-6de2-ec0ea13c3491}.Debug|Any CPU.ActiveCfg = Debug|Any CPU
		{399a8904-ae05-fc6e-6de2-ec0ea13c3491}.Debug|Any CPU.Build.0 = Debug|Any CPU
	EndGlobalSection
	GlobalSection(SolutionProperties) = preSolution
		HideSolutionNode = FALSE
	EndGlobalSection
EndGlobal
