
Microsoft Visual Studio Solution File, Format Version 11.00
# Visual Studio 2010
Project("{FAE04EC0-301F-11D3-BF4B-00C04F79EFBC}") = "Assembly-CSharp-firstpass", "Assembly-CSharp-firstpass.csproj", "{70ae34c0-4b69-aff9-a912-12bcf7a1ccbe}"
EndProject
Project("{FAE04EC0-301F-11D3-BF4B-00C04F79EFBC}") = "Assembly-CSharp", "Assembly-CSharp.csproj", "{fd7b0ec5-12a5-f34a-dd53-0d82a30a514d}"
EndProject
Project("{FAE04EC0-301F-11D3-BF4B-00C04F79EFBC}") = "Assembly-CSharp-Editor-firstpass", "Assembly-CSharp-Editor-firstpass.csproj", "{43e4edf7-e54c-5096-26f8-79beeb1e91eb}"
EndProject
Global
	GlobalSection(SolutionConfigurationPlatforms) = preSolution
		Debug|Any CPU = Debug|Any CPU
	EndGlobalSection
	GlobalSection(ProjectConfigurationPlatforms) = postSolution
		{70ae34c0-4b69-aff9-a912-12bcf7a1ccbe}.Debug|Any CPU.ActiveCfg = Debug|Any CPU
		{70ae34c0-4b69-aff9-a912-12bcf7a1ccbe}.Debug|Any CPU.Build.0 = Debug|Any CPU
		{fd7b0ec5-12a5-f34a-dd53-0d82a30a514d}.Debug|Any CPU.ActiveCfg = Debug|Any CPU
		{fd7b0ec5-12a5-f34a-dd53-0d82a30a514d}.Debug|Any CPU.Build.0 = Debug|Any CPU
		{43e4edf7-e54c-5096-26f8-79beeb1e91eb}.Debug|Any CPU.ActiveCfg = Debug|Any CPU
		{43e4edf7-e54c-5096-26f8-79beeb1e91eb}.Debug|Any CPU.Build.0 = Debug|Any CPU
	EndGlobalSection
	GlobalSection(SolutionProperties) = preSolution
		HideSolutionNode = FALSE
	EndGlobalSection
EndGlobal
